
Microsoft Visual Studio Solution File, Format Version 12.00
# Visual Studio Version 17
VisualStudioVersion = 17.3.32901.215
MinimumVisualStudioVersion = 10.0.40219.1
Project("{D2ABAB84-BF74-430A-B69E-9DC6D40DDA17}") = "MultidimensionalProject1", "MultidimensionalProject1\MultidimensionalProject1.dwproj", "{AE541168-3FA3-4399-9233-09FFEE45B46F}"
EndProject
Global
	GlobalSection(SolutionConfigurationPlatforms) = preSolution
		Development|Default = Development|Default
	EndGlobalSection
	GlobalSection(ProjectConfigurationPlatforms) = postSolution
		{AE541168-3FA3-4399-9233-09FFEE45B46F}.Development|Default.ActiveCfg = Development
		{AE541168-3FA3-4399-9233-09FFEE45B46F}.Development|Default.Build.0 = Development
		{AE541168-3FA3-4399-9233-09FFEE45B46F}.Development|Default.Deploy.0 = Development
	EndGlobalSection
	GlobalSection(SolutionProperties) = preSolution
		HideSolutionNode = FALSE
	EndGlobalSection
	GlobalSection(ExtensibilityGlobals) = postSolution
		SolutionGuid = {ABFB36F0-7CB1-45A1-A27C-A4939C063214}
	EndGlobalSection
EndGlobal
