
Microsoft Visual Studio Solution File, Format Version 12.00
# Visual Studio Version 17
VisualStudioVersion = 17.3.32811.315
MinimumVisualStudioVersion = 10.0.40219.1
Project("{FAE04EC0-301F-11D3-BF4B-00C04F79EFBC}") = "skusam_xml", "skusam_xml\skusam_xml.csproj", "{83F809F9-8CCA-4214-9AD1-845CF2092860}"
EndProject
Global
	GlobalSection(SolutionConfigurationPlatforms) = preSolution
		Debug|Any CPU = Debug|Any CPU
		Release|Any CPU = Release|Any CPU
	EndGlobalSection
	GlobalSection(ProjectConfigurationPlatforms) = postSolution
		{83F809F9-8CCA-4214-9AD1-845CF2092860}.Debug|Any CPU.ActiveCfg = Debug|Any CPU
		{83F809F9-8CCA-4214-9AD1-845CF2092860}.Debug|Any CPU.Build.0 = Debug|Any CPU
		{83F809F9-8CCA-4214-9AD1-845CF2092860}.Release|Any CPU.ActiveCfg = Release|Any CPU
		{83F809F9-8CCA-4214-9AD1-845CF2092860}.Release|Any CPU.Build.0 = Release|Any CPU
	EndGlobalSection
	GlobalSection(SolutionProperties) = preSolution
		HideSolutionNode = FALSE
	EndGlobalSection
	GlobalSection(ExtensibilityGlobals) = postSolution
		SolutionGuid = {88C301AA-C17F-4F49-8DB1-ECE9F44E2B27}
	EndGlobalSection
EndGlobal
