
Microsoft Visual Studio Solution File, Format Version 12.00
# Visual Studio Version 17
VisualStudioVersion = 17.3.32811.315
MinimumVisualStudioVersion = 10.0.40219.1
Project("{FAE04EC0-301F-11D3-BF4B-00C04F79EFBC}") = "bookstore", "bookstore\bookstore.csproj", "{6586A383-1964-4425-8280-68F3EAB2C41B}"
EndProject
Global
	GlobalSection(SolutionConfigurationPlatforms) = preSolution
		Debug|Any CPU = Debug|Any CPU
		Release|Any CPU = Release|Any CPU
	EndGlobalSection
	GlobalSection(ProjectConfigurationPlatforms) = postSolution
		{6586A383-1964-4425-8280-68F3EAB2C41B}.Debug|Any CPU.ActiveCfg = Debug|Any CPU
		{6586A383-1964-4425-8280-68F3EAB2C41B}.Debug|Any CPU.Build.0 = Debug|Any CPU
		{6586A383-1964-4425-8280-68F3EAB2C41B}.Release|Any CPU.ActiveCfg = Release|Any CPU
		{6586A383-1964-4425-8280-68F3EAB2C41B}.Release|Any CPU.Build.0 = Release|Any CPU
	EndGlobalSection
	GlobalSection(SolutionProperties) = preSolution
		HideSolutionNode = FALSE
	EndGlobalSection
	GlobalSection(ExtensibilityGlobals) = postSolution
		SolutionGuid = {2082BB65-E0D6-4E49-B614-D39A5A7973BF}
	EndGlobalSection
EndGlobal
